
Microsoft Visual Studio Solution File, Format Version 12.00
# Visual Studio 15
VisualStudioVersion = 15.0.27703.2026
MinimumVisualStudioVersion = 10.0.40219.1
Project("{FAE04EC0-301F-11D3-BF4B-00C04F79EFBC}") = "Digital Dash Droid", "Digital Dash Droid\Digital Dash Droid.csproj", "{77EA3F23-D418-4D9A-8719-7E0A62080018}"
EndProject
Global
	GlobalSection(SolutionConfigurationPlatforms) = preSolution
		Debug|Any CPU = Debug|Any CPU
		Release|Any CPU = Release|Any CPU
	EndGlobalSection
	GlobalSection(ProjectConfigurationPlatforms) = postSolution
		{77EA3F23-D418-4D9A-8719-7E0A62080018}.Debug|Any CPU.ActiveCfg = Debug|Any CPU
		{77EA3F23-D418-4D9A-8719-7E0A62080018}.Debug|Any CPU.Build.0 = Debug|Any CPU
		{77EA3F23-D418-4D9A-8719-7E0A62080018}.Debug|Any CPU.Deploy.0 = Debug|Any CPU
		{77EA3F23-D418-4D9A-8719-7E0A62080018}.Release|Any CPU.ActiveCfg = Release|Any CPU
		{77EA3F23-D418-4D9A-8719-7E0A62080018}.Release|Any CPU.Build.0 = Release|Any CPU
		{77EA3F23-D418-4D9A-8719-7E0A62080018}.Release|Any CPU.Deploy.0 = Release|Any CPU
	EndGlobalSection
	GlobalSection(SolutionProperties) = preSolution
		HideSolutionNode = FALSE
	EndGlobalSection
	GlobalSection(ExtensibilityGlobals) = postSolution
		SolutionGuid = {0DDC4788-E16B-4D68-BA99-158B82954883}
	EndGlobalSection
EndGlobal
